
Microsoft Visual Studio Solution File, Format Version 12.00
# Visual Studio 15
VisualStudioVersion = 15.0.28307.136
MinimumVisualStudioVersion = 10.0.40219.1
Project("{FAE04EC0-301F-11D3-BF4B-00C04F79EFBC}") = "DKAL Webpages", "DKAL Webpages\DKAL Webpages.csproj", "{AA2F0C04-2498-4C06-A87D-47006C4AB29B}"
EndProject
Global
	GlobalSection(SolutionConfigurationPlatforms) = preSolution
		Debug|Any CPU = Debug|Any CPU
		Release|Any CPU = Release|Any CPU
	EndGlobalSection
	GlobalSection(ProjectConfigurationPlatforms) = postSolution
		{AA2F0C04-2498-4C06-A87D-47006C4AB29B}.Debug|Any CPU.ActiveCfg = Debug|Any CPU
		{AA2F0C04-2498-4C06-A87D-47006C4AB29B}.Debug|Any CPU.Build.0 = Debug|Any CPU
		{AA2F0C04-2498-4C06-A87D-47006C4AB29B}.Release|Any CPU.ActiveCfg = Release|Any CPU
		{AA2F0C04-2498-4C06-A87D-47006C4AB29B}.Release|Any CPU.Build.0 = Release|Any CPU
	EndGlobalSection
	GlobalSection(SolutionProperties) = preSolution
		HideSolutionNode = FALSE
	EndGlobalSection
	GlobalSection(ExtensibilityGlobals) = postSolution
		SolutionGuid = {90B0039C-9DE3-4E73-B161-910262BB9C7C}
	EndGlobalSection
EndGlobal
